
Microsoft Visual Studio Solution File, Format Version 12.00
# Visual Studio Version 16
VisualStudioVersion = 16.0.31005.135
MinimumVisualStudioVersion = 10.0.40219.1
Project("{FAE04EC0-301F-11D3-BF4B-00C04F79EFBC}") = "CanteenFoodApi", "CanteenFoodApi\CanteenFoodApi.csproj", "{CFDD37ED-3C1D-46A6-93D0-D9FF49D49CFA}"
EndProject
Project("{FAE04EC0-301F-11D3-BF4B-00C04F79EFBC}") = "CanteenMVC", "RegistrationAndLogin\CanteenMVC.csproj", "{50A2C155-5AE5-4C3D-BC1A-A5C46F8CBB88}"
EndProject
Global
	GlobalSection(SolutionConfigurationPlatforms) = preSolution
		Debug|Any CPU = Debug|Any CPU
		Release|Any CPU = Release|Any CPU
	EndGlobalSection
	GlobalSection(ProjectConfigurationPlatforms) = postSolution
		{CFDD37ED-3C1D-46A6-93D0-D9FF49D49CFA}.Debug|Any CPU.ActiveCfg = Debug|Any CPU
		{CFDD37ED-3C1D-46A6-93D0-D9FF49D49CFA}.Debug|Any CPU.Build.0 = Debug|Any CPU
		{CFDD37ED-3C1D-46A6-93D0-D9FF49D49CFA}.Release|Any CPU.ActiveCfg = Release|Any CPU
		{CFDD37ED-3C1D-46A6-93D0-D9FF49D49CFA}.Release|Any CPU.Build.0 = Release|Any CPU
		{50A2C155-5AE5-4C3D-BC1A-A5C46F8CBB88}.Debug|Any CPU.ActiveCfg = Debug|Any CPU
		{50A2C155-5AE5-4C3D-BC1A-A5C46F8CBB88}.Debug|Any CPU.Build.0 = Debug|Any CPU
		{50A2C155-5AE5-4C3D-BC1A-A5C46F8CBB88}.Release|Any CPU.ActiveCfg = Release|Any CPU
		{50A2C155-5AE5-4C3D-BC1A-A5C46F8CBB88}.Release|Any CPU.Build.0 = Release|Any CPU
	EndGlobalSection
	GlobalSection(SolutionProperties) = preSolution
		HideSolutionNode = FALSE
	EndGlobalSection
	GlobalSection(ExtensibilityGlobals) = postSolution
		SolutionGuid = {C24D84A7-44FB-4D57-B8BF-3C5AF06FB3E9}
	EndGlobalSection
EndGlobal
